// !$*UTF8*$!
{
	archiveVersion = 1;
	classes = {
	};
	objectVersion = 56;
	objects = {

/* Begin PBXBuildFile section */
		F976EF192AAC1FC5009D8AB6 /* AppDelegate.swift in Sources */ = {isa = PBXBuildFile; fileRef = F976EF182AAC1FC5009D8AB6 /* AppDelegate.swift */; };
		F976EF1B2AAC1FC5009D8AB6 /* SceneDelegate.swift in Sources */ = {isa = PBXBuildFile; fileRef = F976EF1A2AAC1FC5009D8AB6 /* SceneDelegate.swift */; };
		F976EF1D2AAC1FC5009D8AB6 /* RMTabViewController.swift in Sources */ = {isa = PBXBuildFile; fileRef = F976EF1C2AAC1FC5009D8AB6 /* RMTabViewController.swift */; };
		F976EF222AAC1FC6009D8AB6 /* Assets.xcassets in Resources */ = {isa = PBXBuildFile; fileRef = F976EF212AAC1FC6009D8AB6 /* Assets.xcassets */; };
		F976EF252AAC1FC6009D8AB6 /* LaunchScreen.storyboard in Resources */ = {isa = PBXBuildFile; fileRef = F976EF232AAC1FC6009D8AB6 /* LaunchScreen.storyboard */; };
		F976EF352AAC2298009D8AB6 /* RMLocation.swift in Sources */ = {isa = PBXBuildFile; fileRef = F976EF342AAC2298009D8AB6 /* RMLocation.swift */; };
		F976EF372AAC22A4009D8AB6 /* RMCharacter.swift in Sources */ = {isa = PBXBuildFile; fileRef = F976EF362AAC22A4009D8AB6 /* RMCharacter.swift */; };
		F976EF392AAC22AE009D8AB6 /* RMEpisode.swift in Sources */ = {isa = PBXBuildFile; fileRef = F976EF382AAC22AE009D8AB6 /* RMEpisode.swift */; };
		F9FDCC8A2AAC2386005BFF98 /* RMCharacterViewController.swift in Sources */ = {isa = PBXBuildFile; fileRef = F9FDCC892AAC2386005BFF98 /* RMCharacterViewController.swift */; };
		F9FDCC8C2AAC239A005BFF98 /* RMLocationViewController.swift in Sources */ = {isa = PBXBuildFile; fileRef = F9FDCC8B2AAC239A005BFF98 /* RMLocationViewController.swift */; };
		F9FDCC8E2AAC23AB005BFF98 /* RMEpisodeViewController.swift in Sources */ = {isa = PBXBuildFile; fileRef = F9FDCC8D2AAC23AB005BFF98 /* RMEpisodeViewController.swift */; };
		F9FDCC902AAC23B7005BFF98 /* RMSettingsViewController.swift in Sources */ = {isa = PBXBuildFile; fileRef = F9FDCC8F2AAC23B7005BFF98 /* RMSettingsViewController.swift */; };
/* End PBXBuildFile section */

/* Begin PBXFileReference section */
		F976EF152AAC1FC5009D8AB6 /* RickAndMorty.app */ = {isa = PBXFileReference; explicitFileType = wrapper.application; includeInIndex = 0; path = RickAndMorty.app; sourceTree = BUILT_PRODUCTS_DIR; };
		F976EF182AAC1FC5009D8AB6 /* AppDelegate.swift */ = {isa = PBXFileReference; lastKnownFileType = sourcecode.swift; path = AppDelegate.swift; sourceTree = "<group>"; };
		F976EF1A2AAC1FC5009D8AB6 /* SceneDelegate.swift */ = {isa = PBXFileReference; lastKnownFileType = sourcecode.swift; path = SceneDelegate.swift; sourceTree = "<group>"; };
		F976EF1C2AAC1FC5009D8AB6 /* RMTabViewController.swift */ = {isa = PBXFileReference; lastKnownFileType = sourcecode.swift; path = RMTabViewController.swift; sourceTree = "<group>"; };
		F976EF212AAC1FC6009D8AB6 /* Assets.xcassets */ = {isa = PBXFileReference; lastKnownFileType = folder.assetcatalog; path = Assets.xcassets; sourceTree = "<group>"; };
		F976EF242AAC1FC6009D8AB6 /* Base */ = {isa = PBXFileReference; lastKnownFileType = file.storyboard; name = Base; path = Base.lproj/LaunchScreen.storyboard; sourceTree = "<group>"; };
		F976EF262AAC1FC6009D8AB6 /* Info.plist */ = {isa = PBXFileReference; lastKnownFileType = text.plist.xml; path = Info.plist; sourceTree = "<group>"; };
		F976EF342AAC2298009D8AB6 /* RMLocation.swift */ = {isa = PBXFileReference; lastKnownFileType = sourcecode.swift; path = RMLocation.swift; sourceTree = "<group>"; };
		F976EF362AAC22A4009D8AB6 /* RMCharacter.swift */ = {isa = PBXFileReference; lastKnownFileType = sourcecode.swift; path = RMCharacter.swift; sourceTree = "<group>"; };
		F976EF382AAC22AE009D8AB6 /* RMEpisode.swift */ = {isa = PBXFileReference; lastKnownFileType = sourcecode.swift; path = RMEpisode.swift; sourceTree = "<group>"; };
		F9FDCC892AAC2386005BFF98 /* RMCharacterViewController.swift */ = {isa = PBXFileReference; lastKnownFileType = sourcecode.swift; path = RMCharacterViewController.swift; sourceTree = "<group>"; };
		F9FDCC8B2AAC239A005BFF98 /* RMLocationViewController.swift */ = {isa = PBXFileReference; lastKnownFileType = sourcecode.swift; path = RMLocationViewController.swift; sourceTree = "<group>"; };
		F9FDCC8D2AAC23AB005BFF98 /* RMEpisodeViewController.swift */ = {isa = PBXFileReference; lastKnownFileType = sourcecode.swift; path = RMEpisodeViewController.swift; sourceTree = "<group>"; };
		F9FDCC8F2AAC23B7005BFF98 /* RMSettingsViewController.swift */ = {isa = PBXFileReference; lastKnownFileType = sourcecode.swift; path = RMSettingsViewController.swift; sourceTree = "<group>"; };
/* End PBXFileReference section */

/* Begin PBXFrameworksBuildPhase section */
		F976EF122AAC1FC5009D8AB6 /* Frameworks */ = {
			isa = PBXFrameworksBuildPhase;
			buildActionMask = 2147483647;
			files = (
			);
			runOnlyForDeploymentPostprocessing = 0;
		};
/* End PBXFrameworksBuildPhase section */

/* Begin PBXGroup section */
		F976EF0C2AAC1FC5009D8AB6 = {
			isa = PBXGroup;
			children = (
				F976EF172AAC1FC5009D8AB6 /* RickAndMorty */,
				F976EF162AAC1FC5009D8AB6 /* Products */,
			);
			sourceTree = "<group>";
		};
		F976EF162AAC1FC5009D8AB6 /* Products */ = {
			isa = PBXGroup;
			children = (
				F976EF152AAC1FC5009D8AB6 /* RickAndMorty.app */,
			);
			name = Products;
			sourceTree = "<group>";
		};
		F976EF172AAC1FC5009D8AB6 /* RickAndMorty */ = {
			isa = PBXGroup;
			children = (
				F976EF332AAC2220009D8AB6 /* Resources */,
				F976EF322AAC2216009D8AB6 /* Managers */,
				F976EF312AAC2205009D8AB6 /* APIClient */,
				F976EF302AAC21FE009D8AB6 /* ViewModels */,
				F976EF2F2AAC21F3009D8AB6 /* Views */,
				F976EF2D2AAC21E3009D8AB6 /* Models */,
				F976EF2C2AAC21D6009D8AB6 /* Controllers */,
				F976EF262AAC1FC6009D8AB6 /* Info.plist */,
			);
			path = RickAndMorty;
			sourceTree = "<group>";
		};
		F976EF2C2AAC21D6009D8AB6 /* Controllers */ = {
			isa = PBXGroup;
			children = (
				F9FDCC882AAC2364005BFF98 /* Core */,
			);
			path = Controllers;
			sourceTree = "<group>";
		};
		F976EF2D2AAC21E3009D8AB6 /* Models */ = {
			isa = PBXGroup;
			children = (
				F976EF342AAC2298009D8AB6 /* RMLocation.swift */,
				F976EF362AAC22A4009D8AB6 /* RMCharacter.swift */,
				F976EF382AAC22AE009D8AB6 /* RMEpisode.swift */,
			);
			path = Models;
			sourceTree = "<group>";
		};
		F976EF2F2AAC21F3009D8AB6 /* Views */ = {
			isa = PBXGroup;
			children = (
			);
			path = Views;
			sourceTree = "<group>";
		};
		F976EF302AAC21FE009D8AB6 /* ViewModels */ = {
			isa = PBXGroup;
			children = (
			);
			path = ViewModels;
			sourceTree = "<group>";
		};
		F976EF312AAC2205009D8AB6 /* APIClient */ = {
			isa = PBXGroup;
			children = (
			);
			path = APIClient;
			sourceTree = "<group>";
		};
		F976EF322AAC2216009D8AB6 /* Managers */ = {
			isa = PBXGroup;
			children = (
			);
			path = Managers;
			sourceTree = "<group>";
		};
		F976EF332AAC2220009D8AB6 /* Resources */ = {
			isa = PBXGroup;
			children = (
				F976EF1A2AAC1FC5009D8AB6 /* SceneDelegate.swift */,
				F976EF182AAC1FC5009D8AB6 /* AppDelegate.swift */,
				F976EF212AAC1FC6009D8AB6 /* Assets.xcassets */,
				F976EF232AAC1FC6009D8AB6 /* LaunchScreen.storyboard */,
			);
			path = Resources;
			sourceTree = "<group>";
		};
		F9FDCC882AAC2364005BFF98 /* Core */ = {
			isa = PBXGroup;
			children = (
				F976EF1C2AAC1FC5009D8AB6 /* RMTabViewController.swift */,
				F9FDCC892AAC2386005BFF98 /* RMCharacterViewController.swift */,
				F9FDCC8B2AAC239A005BFF98 /* RMLocationViewController.swift */,
				F9FDCC8D2AAC23AB005BFF98 /* RMEpisodeViewController.swift */,
				F9FDCC8F2AAC23B7005BFF98 /* RMSettingsViewController.swift */,
			);
			path = Core;
			sourceTree = "<group>";
		};
/* End PBXGroup section */

/* Begin PBXNativeTarget section */
		F976EF142AAC1FC5009D8AB6 /* RickAndMorty */ = {
			isa = PBXNativeTarget;
			buildConfigurationList = F976EF292AAC1FC6009D8AB6 /* Build configuration list for PBXNativeTarget "RickAndMorty" */;
			buildPhases = (
				F976EF112AAC1FC5009D8AB6 /* Sources */,
				F976EF122AAC1FC5009D8AB6 /* Frameworks */,
				F976EF132AAC1FC5009D8AB6 /* Resources */,
			);
			buildRules = (
			);
			dependencies = (
			);
			name = RickAndMorty;
			productName = RIckAndMorty;
			productReference = F976EF152AAC1FC5009D8AB6 /* RickAndMorty.app */;
			productType = "com.apple.product-type.application";
		};
/* End PBXNativeTarget section */

/* Begin PBXProject section */
		F976EF0D2AAC1FC5009D8AB6 /* Project object */ = {
			isa = PBXProject;
			attributes = {
				BuildIndependentTargetsInParallel = 1;
				LastSwiftUpdateCheck = 1430;
				LastUpgradeCheck = 1430;
				TargetAttributes = {
					F976EF142AAC1FC5009D8AB6 = {
						CreatedOnToolsVersion = 14.3.1;
					};
				};
			};
			buildConfigurationList = F976EF102AAC1FC5009D8AB6 /* Build configuration list for PBXProject "RickAndMorty" */;
			compatibilityVersion = "Xcode 14.0";
			developmentRegion = en;
			hasScannedForEncodings = 0;
			knownRegions = (
				en,
				Base,
			);
			mainGroup = F976EF0C2AAC1FC5009D8AB6;
			productRefGroup = F976EF162AAC1FC5009D8AB6 /* Products */;
			projectDirPath = "";
			projectRoot = "";
			targets = (
				F976EF142AAC1FC5009D8AB6 /* RickAndMorty */,
			);
		};
/* End PBXProject section */

/* Begin PBXResourcesBuildPhase section */
		F976EF132AAC1FC5009D8AB6 /* Resources */ = {
			isa = PBXResourcesBuildPhase;
			buildActionMask = 2147483647;
			files = (
				F976EF252AAC1FC6009D8AB6 /* LaunchScreen.storyboard in Resources */,
				F976EF222AAC1FC6009D8AB6 /* Assets.xcassets in Resources */,
			);
			runOnlyForDeploymentPostprocessing = 0;
		};
/* End PBXResourcesBuildPhase section */

/* Begin PBXSourcesBuildPhase section */
		F976EF112AAC1FC5009D8AB6 /* Sources */ = {
			isa = PBXSourcesBuildPhase;
			buildActionMask = 2147483647;
			files = (
				F9FDCC8C2AAC239A005BFF98 /* RMLocationViewController.swift in Sources */,
				F976EF392AAC22AE009D8AB6 /* RMEpisode.swift in Sources */,
				F9FDCC902AAC23B7005BFF98 /* RMSettingsViewController.swift in Sources */,
				F976EF1D2AAC1FC5009D8AB6 /* RMTabViewController.swift in Sources */,
				F9FDCC8E2AAC23AB005BFF98 /* RMEpisodeViewController.swift in Sources */,
				F976EF192AAC1FC5009D8AB6 /* AppDelegate.swift in Sources */,
				F976EF1B2AAC1FC5009D8AB6 /* SceneDelegate.swift in Sources */,
				F976EF352AAC2298009D8AB6 /* RMLocation.swift in Sources */,
				F976EF372AAC22A4009D8AB6 /* RMCharacter.swift in Sources */,
				F9FDCC8A2AAC2386005BFF98 /* RMCharacterViewController.swift in Sources */,
			);
			runOnlyForDeploymentPostprocessing = 0;
		};
/* End PBXSourcesBuildPhase section */

/* Begin PBXVariantGroup section */
		F976EF232AAC1FC6009D8AB6 /* LaunchScreen.storyboard */ = {
			isa = PBXVariantGroup;
			children = (
				F976EF242AAC1FC6009D8AB6 /* Base */,
			);
			name = LaunchScreen.storyboard;
			sourceTree = "<group>";
		};
/* End PBXVariantGroup section */

/* Begin XCBuildConfiguration section */
		F976EF272AAC1FC6009D8AB6 /* Debug */ = {
			isa = XCBuildConfiguration;
			buildSettings = {
				ALWAYS_SEARCH_USER_PATHS = NO;
				CLANG_ANALYZER_NONNULL = YES;
				CLANG_ANALYZER_NUMBER_OBJECT_CONVERSION = YES_AGGRESSIVE;
				CLANG_CXX_LANGUAGE_STANDARD = "gnu++20";
				CLANG_ENABLE_MODULES = YES;
				CLANG_ENABLE_OBJC_ARC = YES;
				CLANG_ENABLE_OBJC_WEAK = YES;
				CLANG_WARN_BLOCK_CAPTURE_AUTORELEASING = YES;
				CLANG_WARN_BOOL_CONVERSION = YES;
				CLANG_WARN_COMMA = YES;
				CLANG_WARN_CONSTANT_CONVERSION = YES;
				CLANG_WARN_DEPRECATED_OBJC_IMPLEMENTATIONS = YES;
				CLANG_WARN_DIRECT_OBJC_ISA_USAGE = YES_ERROR;
				CLANG_WARN_DOCUMENTATION_COMMENTS = YES;
				CLANG_WARN_EMPTY_BODY = YES;
				CLANG_WARN_ENUM_CONVERSION = YES;
				CLANG_WARN_INFINITE_RECURSION = YES;
				CLANG_WARN_INT_CONVERSION = YES;
				CLANG_WARN_NON_LITERAL_NULL_CONVERSION = YES;
				CLANG_WARN_OBJC_IMPLICIT_RETAIN_SELF = YES;
				CLANG_WARN_OBJC_LITERAL_CONVERSION = YES;
				CLANG_WARN_OBJC_ROOT_CLASS = YES_ERROR;
				CLANG_WARN_QUOTED_INCLUDE_IN_FRAMEWORK_HEADER = YES;
				CLANG_WARN_RANGE_LOOP_ANALYSIS = YES;
				CLANG_WARN_STRICT_PROTOTYPES = YES;
				CLANG_WARN_SUSPICIOUS_MOVE = YES;
				CLANG_WARN_UNGUARDED_AVAILABILITY = YES_AGGRESSIVE;
				CLANG_WARN_UNREACHABLE_CODE = YES;
				CLANG_WARN__DUPLICATE_METHOD_MATCH = YES;
				COPY_PHASE_STRIP = NO;
				DEBUG_INFORMATION_FORMAT = dwarf;
				ENABLE_STRICT_OBJC_MSGSEND = YES;
				ENABLE_TESTABILITY = YES;
				GCC_C_LANGUAGE_STANDARD = gnu11;
				GCC_DYNAMIC_NO_PIC = NO;
				GCC_NO_COMMON_BLOCKS = YES;
				GCC_OPTIMIZATION_LEVEL = 0;
				GCC_PREPROCESSOR_DEFINITIONS = (
					"DEBUG=1",
					"$(inherited)",
				);
				GCC_WARN_64_TO_32_BIT_CONVERSION = YES;
				GCC_WARN_ABOUT_RETURN_TYPE = YES_ERROR;
				GCC_WARN_UNDECLARED_SELECTOR = YES;
				GCC_WARN_UNINITIALIZED_AUTOS = YES_AGGRESSIVE;
				GCC_WARN_UNUSED_FUNCTION = YES;
				GCC_WARN_UNUSED_VARIABLE = YES;
				IPHONEOS_DEPLOYMENT_TARGET = 16.4;
				MTL_ENABLE_DEBUG_INFO = INCLUDE_SOURCE;
				MTL_FAST_MATH = YES;
				ONLY_ACTIVE_ARCH = YES;
				SDKROOT = iphoneos;
				SWIFT_ACTIVE_COMPILATION_CONDITIONS = DEBUG;
				SWIFT_OPTIMIZATION_LEVEL = "-Onone";
			};
			name = Debug;
		};
		F976EF282AAC1FC6009D8AB6 /* Release */ = {
			isa = XCBuildConfiguration;
			buildSettings = {
				ALWAYS_SEARCH_USER_PATHS = NO;
				CLANG_ANALYZER_NONNULL = YES;
				CLANG_ANALYZER_NUMBER_OBJECT_CONVERSION = YES_AGGRESSIVE;
				CLANG_CXX_LANGUAGE_STANDARD = "gnu++20";
				CLANG_ENABLE_MODULES = YES;
				CLANG_ENABLE_OBJC_ARC = YES;
				CLANG_ENABLE_OBJC_WEAK = YES;
				CLANG_WARN_BLOCK_CAPTURE_AUTORELEASING = YES;
				CLANG_WARN_BOOL_CONVERSION = YES;
				CLANG_WARN_COMMA = YES;
				CLANG_WARN_CONSTANT_CONVERSION = YES;
				CLANG_WARN_DEPRECATED_OBJC_IMPLEMENTATIONS = YES;
				CLANG_WARN_DIRECT_OBJC_ISA_USAGE = YES_ERROR;
				CLANG_WARN_DOCUMENTATION_COMMENTS = YES;
				CLANG_WARN_EMPTY_BODY = YES;
				CLANG_WARN_ENUM_CONVERSION = YES;
				CLANG_WARN_INFINITE_RECURSION = YES;
				CLANG_WARN_INT_CONVERSION = YES;
				CLANG_WARN_NON_LITERAL_NULL_CONVERSION = YES;
				CLANG_WARN_OBJC_IMPLICIT_RETAIN_SELF = YES;
				CLANG_WARN_OBJC_LITERAL_CONVERSION = YES;
				CLANG_WARN_OBJC_ROOT_CLASS = YES_ERROR;
				CLANG_WARN_QUOTED_INCLUDE_IN_FRAMEWORK_HEADER = YES;
				CLANG_WARN_RANGE_LOOP_ANALYSIS = YES;
				CLANG_WARN_STRICT_PROTOTYPES = YES;
				CLANG_WARN_SUSPICIOUS_MOVE = YES;
				CLANG_WARN_UNGUARDED_AVAILABILITY = YES_AGGRESSIVE;
				CLANG_WARN_UNREACHABLE_CODE = YES;
				CLANG_WARN__DUPLICATE_METHOD_MATCH = YES;
				COPY_PHASE_STRIP = NO;
				DEBUG_INFORMATION_FORMAT = "dwarf-with-dsym";
				ENABLE_NS_ASSERTIONS = NO;
				ENABLE_STRICT_OBJC_MSGSEND = YES;
				GCC_C_LANGUAGE_STANDARD = gnu11;
				GCC_NO_COMMON_BLOCKS = YES;
				GCC_WARN_64_TO_32_BIT_CONVERSION = YES;
				GCC_WARN_ABOUT_RETURN_TYPE = YES_ERROR;
				GCC_WARN_UNDECLARED_SELECTOR = YES;
				GCC_WARN_UNINITIALIZED_AUTOS = YES_AGGRESSIVE;
				GCC_WARN_UNUSED_FUNCTION = YES;
				GCC_WARN_UNUSED_VARIABLE = YES;
				IPHONEOS_DEPLOYMENT_TARGET = 16.4;
				MTL_ENABLE_DEBUG_INFO = NO;
				MTL_FAST_MATH = YES;
				SDKROOT = iphoneos;
				SWIFT_COMPILATION_MODE = wholemodule;
				SWIFT_OPTIMIZATION_LEVEL = "-O";
				VALIDATE_PRODUCT = YES;
			};
			name = Release;
		};
		F976EF2A2AAC1FC6009D8AB6 /* Debug */ = {
			isa = XCBuildConfiguration;
			buildSettings = {
				ASSETCATALOG_COMPILER_APPICON_NAME = AppIcon;
				ASSETCATALOG_COMPILER_GLOBAL_ACCENT_COLOR_NAME = AccentColor;
				CODE_SIGN_STYLE = Automatic;
				CURRENT_PROJECT_VERSION = 1;
				DEVELOPMENT_TEAM = 89RR7P598Z;
				GENERATE_INFOPLIST_FILE = YES;
				INFOPLIST_FILE = RIckAndMorty/Info.plist;
				INFOPLIST_KEY_UIApplicationSupportsIndirectInputEvents = YES;
				INFOPLIST_KEY_UILaunchStoryboardName = LaunchScreen;
				INFOPLIST_KEY_UISupportedInterfaceOrientations_iPad = "UIInterfaceOrientationPortrait UIInterfaceOrientationPortraitUpsideDown UIInterfaceOrientationLandscapeLeft UIInterfaceOrientationLandscapeRight";
				INFOPLIST_KEY_UISupportedInterfaceOrientations_iPhone = "UIInterfaceOrientationPortrait UIInterfaceOrientationLandscapeLeft UIInterfaceOrientationLandscapeRight";
				LD_RUNPATH_SEARCH_PATHS = (
					"$(inherited)",
					"@executable_path/Frameworks",
				);
				MARKETING_VERSION = 1.0;
				PRODUCT_BUNDLE_IDENTIFIER = ilyins.test.RIckAndMorty;
				PRODUCT_NAME = "$(TARGET_NAME)";
				SWIFT_EMIT_LOC_STRINGS = YES;
				SWIFT_VERSION = 5.0;
				TARGETED_DEVICE_FAMILY = "1,2";
			};
			name = Debug;
		};
		F976EF2B2AAC1FC6009D8AB6 /* Release */ = {
			isa = XCBuildConfiguration;
			buildSettings = {
				ASSETCATALOG_COMPILER_APPICON_NAME = AppIcon;
				ASSETCATALOG_COMPILER_GLOBAL_ACCENT_COLOR_NAME = AccentColor;
				CODE_SIGN_STYLE = Automatic;
				CURRENT_PROJECT_VERSION = 1;
				DEVELOPMENT_TEAM = 89RR7P598Z;
				GENERATE_INFOPLIST_FILE = YES;
				INFOPLIST_FILE = RIckAndMorty/Info.plist;
				INFOPLIST_KEY_UIApplicationSupportsIndirectInputEvents = YES;
				INFOPLIST_KEY_UILaunchStoryboardName = LaunchScreen;
				INFOPLIST_KEY_UISupportedInterfaceOrientations_iPad = "UIInterfaceOrientationPortrait UIInterfaceOrientationPortraitUpsideDown UIInterfaceOrientationLandscapeLeft UIInterfaceOrientationLandscapeRight";
				INFOPLIST_KEY_UISupportedInterfaceOrientations_iPhone = "UIInterfaceOrientationPortrait UIInterfaceOrientationLandscapeLeft UIInterfaceOrientationLandscapeRight";
				LD_RUNPATH_SEARCH_PATHS = (
					"$(inherited)",
					"@executable_path/Frameworks",
				);
				MARKETING_VERSION = 1.0;
				PRODUCT_BUNDLE_IDENTIFIER = ilyins.test.RIckAndMorty;
				PRODUCT_NAME = "$(TARGET_NAME)";
				SWIFT_EMIT_LOC_STRINGS = YES;
				SWIFT_VERSION = 5.0;
				TARGETED_DEVICE_FAMILY = "1,2";
			};
			name = Release;
		};
/* End XCBuildConfiguration section */

/* Begin XCConfigurationList section */
		F976EF102AAC1FC5009D8AB6 /* Build configuration list for PBXProject "RickAndMorty" */ = {
			isa = XCConfigurationList;
			buildConfigurations = (
				F976EF272AAC1FC6009D8AB6 /* Debug */,
				F976EF282AAC1FC6009D8AB6 /* Release */,
			);
			defaultConfigurationIsVisible = 0;
			defaultConfigurationName = Release;
		};
		F976EF292AAC1FC6009D8AB6 /* Build configuration list for PBXNativeTarget "RickAndMorty" */ = {
			isa = XCConfigurationList;
			buildConfigurations = (
				F976EF2A2AAC1FC6009D8AB6 /* Debug */,
				F976EF2B2AAC1FC6009D8AB6 /* Release */,
			);
			defaultConfigurationIsVisible = 0;
			defaultConfigurationName = Release;
		};
/* End XCConfigurationList section */
	};
	rootObject = F976EF0D2AAC1FC5009D8AB6 /* Project object */;
}
